dependencies:
- name: argo-cd
  repository: https://argoproj.github.io/argo-helm
  version: 7.8.8
- name: argo-rollouts
  repository: https://argoproj.github.io/argo-helm
  version: 2.39.2
digest: sha256:65da2f85fdacbbd4633e2eebadb252643104ba3a83aa0e682b5483517e1196f9
generated: "2025-03-21T08:27:45.619991+01:00"
